
Microsoft Visual Studio Solution File, Format Version 12.00
# Visual Studio Version 17
VisualStudioVersion = 17.6.33801.468
MinimumVisualStudioVersion = 10.0.40219.1
Project("{FAE04EC0-301F-11D3-BF4B-00C04F79EFBC}") = "webapi", "webapi.csproj", "{4175E8DD-6819-440F-B557-1F0AC2C35022}"
EndProject
Global
	GlobalSection(SolutionConfigurationPlatforms) = preSolution
		Debug|Any CPU = Debug|Any CPU
		Release|Any CPU = Release|Any CPU
	EndGlobalSection
	GlobalSection(ProjectConfigurationPlatforms) = postSolution
		{4175E8DD-6819-440F-B557-1F0AC2C35022}.Debug|Any CPU.ActiveCfg = Debug|Any CPU
		{4175E8DD-6819-440F-B557-1F0AC2C35022}.Debug|Any CPU.Build.0 = Debug|Any CPU
		{4175E8DD-6819-440F-B557-1F0AC2C35022}.Release|Any CPU.ActiveCfg = Release|Any CPU
		{4175E8DD-6819-440F-B557-1F0AC2C35022}.Release|Any CPU.Build.0 = Release|Any CPU
	EndGlobalSection
	GlobalSection(SolutionProperties) = preSolution
		HideSolutionNode = FALSE
	EndGlobalSection
	GlobalSection(ExtensibilityGlobals) = postSolution
		SolutionGuid = {812633C1-D7AA-4AFA-8B85-BA88BCE6A6A2}
	EndGlobalSection
EndGlobal
